
Microsoft Visual Studio Solution File, Format Version 12.00
# Visual Studio 15
VisualStudioVersion = 15.0.28010.2036
MinimumVisualStudioVersion = 10.0.40219.1
Project("{FAE04EC0-301F-11D3-BF4B-00C04F79EFBC}") = "TEST_CONSOLE_C-SHARP", "TEST_CONSOLE_C-SHARP\TEST_CONSOLE_C-SHARP.csproj", "{76BF56A6-2F05-4BFD-8F22-66516B63FCAB}"
EndProject
Global
	GlobalSection(SolutionConfigurationPlatforms) = preSolution
		Debug|Any CPU = Debug|Any CPU
		Release|Any CPU = Release|Any CPU
	EndGlobalSection
	GlobalSection(ProjectConfigurationPlatforms) = postSolution
		{76BF56A6-2F05-4BFD-8F22-66516B63FCAB}.Debug|Any CPU.ActiveCfg = Debug|Any CPU
		{76BF56A6-2F05-4BFD-8F22-66516B63FCAB}.Debug|Any CPU.Build.0 = Debug|Any CPU
		{76BF56A6-2F05-4BFD-8F22-66516B63FCAB}.Release|Any CPU.ActiveCfg = Release|Any CPU
		{76BF56A6-2F05-4BFD-8F22-66516B63FCAB}.Release|Any CPU.Build.0 = Release|Any CPU
	EndGlobalSection
	GlobalSection(SolutionProperties) = preSolution
		HideSolutionNode = FALSE
	EndGlobalSection
	GlobalSection(ExtensibilityGlobals) = postSolution
		SolutionGuid = {3013F584-104C-4667-9104-6DF0EE828C89}
	EndGlobalSection
EndGlobal
